
Microsoft Visual Studio Solution File, Format Version 12.00
# Visual Studio 2013
VisualStudioVersion = 12.0.31101.0
MinimumVisualStudioVersion = 10.0.40219.1
Project("{FAE04EC0-301F-11D3-BF4B-00C04F79EFBC}") = "WebFormMvcFramework.Busines", "WebFormMvcFramework.Busines\WebFormMvcFramework.Busines.csproj", "{585CC600-7A83-4805-9F68-0C249DB6AD36}"
EndProject
Project("{FAE04EC0-301F-11D3-BF4B-00C04F79EFBC}") = "WebFormMvcFramework.Common", "WebFormMvcFramework.Common\WebFormMvcFramework.Common.csproj", "{F1DAC157-5CF0-4ABE-AB30-E1B0EADA5354}"
EndProject
Project("{FAE04EC0-301F-11D3-BF4B-00C04F79EFBC}") = "WebFormMvcFramework.Web", "WebFormMvcFramework.Web\WebFormMvcFramework.Web.csproj", "{DD43ECE9-B012-46F7-9C27-246E2A7A890B}"
EndProject
Global
	GlobalSection(SolutionConfigurationPlatforms) = preSolution
		Debug|Any CPU = Debug|Any CPU
		Debug|x86 = Debug|x86
		Release|Any CPU = Release|Any CPU
		Release|x86 = Release|x86
	EndGlobalSection
	GlobalSection(ProjectConfigurationPlatforms) = postSolution
		{585CC600-7A83-4805-9F68-0C249DB6AD36}.Debug|Any CPU.ActiveCfg = Debug|Any CPU
		{585CC600-7A83-4805-9F68-0C249DB6AD36}.Debug|Any CPU.Build.0 = Debug|Any CPU
		{585CC600-7A83-4805-9F68-0C249DB6AD36}.Debug|x86.ActiveCfg = Release|Any CPU
		{585CC600-7A83-4805-9F68-0C249DB6AD36}.Debug|x86.Build.0 = Release|Any CPU
		{585CC600-7A83-4805-9F68-0C249DB6AD36}.Release|Any CPU.ActiveCfg = Release|Any CPU
		{585CC600-7A83-4805-9F68-0C249DB6AD36}.Release|Any CPU.Build.0 = Release|Any CPU
		{585CC600-7A83-4805-9F68-0C249DB6AD36}.Release|x86.ActiveCfg = Release|x86
		{585CC600-7A83-4805-9F68-0C249DB6AD36}.Release|x86.Build.0 = Release|x86
		{F1DAC157-5CF0-4ABE-AB30-E1B0EADA5354}.Debug|Any CPU.ActiveCfg = Debug|Any CPU
		{F1DAC157-5CF0-4ABE-AB30-E1B0EADA5354}.Debug|Any CPU.Build.0 = Debug|Any CPU
		{F1DAC157-5CF0-4ABE-AB30-E1B0EADA5354}.Debug|x86.ActiveCfg = Release|Any CPU
		{F1DAC157-5CF0-4ABE-AB30-E1B0EADA5354}.Debug|x86.Build.0 = Release|Any CPU
		{F1DAC157-5CF0-4ABE-AB30-E1B0EADA5354}.Release|Any CPU.ActiveCfg = Release|Any CPU
		{F1DAC157-5CF0-4ABE-AB30-E1B0EADA5354}.Release|Any CPU.Build.0 = Release|Any CPU
		{F1DAC157-5CF0-4ABE-AB30-E1B0EADA5354}.Release|x86.ActiveCfg = Release|x86
		{F1DAC157-5CF0-4ABE-AB30-E1B0EADA5354}.Release|x86.Build.0 = Release|x86
		{DD43ECE9-B012-46F7-9C27-246E2A7A890B}.Debug|Any CPU.ActiveCfg = Debug|Any CPU
		{DD43ECE9-B012-46F7-9C27-246E2A7A890B}.Debug|Any CPU.Build.0 = Debug|Any CPU
		{DD43ECE9-B012-46F7-9C27-246E2A7A890B}.Debug|x86.ActiveCfg = Release|x86
		{DD43ECE9-B012-46F7-9C27-246E2A7A890B}.Debug|x86.Build.0 = Release|x86
		{DD43ECE9-B012-46F7-9C27-246E2A7A890B}.Release|Any CPU.ActiveCfg = Release|Any CPU
		{DD43ECE9-B012-46F7-9C27-246E2A7A890B}.Release|Any CPU.Build.0 = Release|Any CPU
		{DD43ECE9-B012-46F7-9C27-246E2A7A890B}.Release|x86.ActiveCfg = Release|x86
		{DD43ECE9-B012-46F7-9C27-246E2A7A890B}.Release|x86.Build.0 = Release|x86
	EndGlobalSection
	GlobalSection(SolutionProperties) = preSolution
		HideSolutionNode = FALSE
	EndGlobalSection
EndGlobal
